// !$*UTF8*$!
{
	archiveVersion = 1;
	classes = {
	};
	objectVersion = 46;
	objects = {

/* Begin PBXBuildFile section */
		9A60FE171BCAD8D4007B0AB9 /* main.m in Sources */ = {isa = PBXBuildFile; fileRef = 9A60FE161BCAD8D4007B0AB9 /* main.m */; };
		9A60FE1A1BCAD8D4007B0AB9 /* AppDelegate.m in Sources */ = {isa = PBXBuildFile; fileRef = 9A60FE191BCAD8D4007B0AB9 /* AppDelegate.m */; };
		9A60FE1D1BCAD8D4007B0AB9 /* ViewController.m in Sources */ = {isa = PBXBuildFile; fileRef = 9A60FE1C1BCAD8D4007B0AB9 /* ViewController.m */; };
		9A60FE201BCAD8D4007B0AB9 /* Main.storyboard in Resources */ = {isa = PBXBuildFile; fileRef = 9A60FE1E1BCAD8D4007B0AB9 /* Main.storyboard */; };
		9A60FE221BCAD8D4007B0AB9 /* Assets.xcassets in Resources */ = {isa = PBXBuildFile; fileRef = 9A60FE211BCAD8D4007B0AB9 /* Assets.xcassets */; };
		9A60FE251BCAD8D4007B0AB9 /* LaunchScreen.storyboard in Resources */ = {isa = PBXBuildFile; fileRef = 9A60FE231BCAD8D4007B0AB9 /* LaunchScreen.storyboard */; };
		9A60FE301BCAD8D4007B0AB9 /* ViewGeometryHWTests.m in Sources */ = {isa = PBXBuildFile; fileRef = 9A60FE2F1BCAD8D4007B0AB9 /* ViewGeometryHWTests.m */; };
		9A60FE3B1BCAD8D4007B0AB9 /* ViewGeometryHWUITests.m in Sources */ = {isa = PBXBuildFile; fileRef = 9A60FE3A1BCAD8D4007B0AB9 /* ViewGeometryHWUITests.m */; };
/* End PBXBuildFile section */

/* Begin PBXContainerItemProxy section */
		9A60FE2C1BCAD8D4007B0AB9 /* PBXContainerItemProxy */ = {
			isa = PBXContainerItemProxy;
			containerPortal = 9A60FE0A1BCAD8D4007B0AB9 /* Project object */;
			proxyType = 1;
			remoteGlobalIDString = 9A60FE111BCAD8D4007B0AB9;
			remoteInfo = ViewGeometryHW;
		};
		9A60FE371BCAD8D4007B0AB9 /* PBXContainerItemProxy */ = {
			isa = PBXContainerItemProxy;
			containerPortal = 9A60FE0A1BCAD8D4007B0AB9 /* Project object */;
			proxyType = 1;
			remoteGlobalIDString = 9A60FE111BCAD8D4007B0AB9;
			remoteInfo = ViewGeometryHW;
		};
/* End PBXContainerItemProxy section */

/* Begin PBXFileReference section */
		9A60FE121BCAD8D4007B0AB9 /* ViewGeometryHW.app */ = {isa = PBXFileReference; explicitFileType = wrapper.application; includeInIndex = 0; path = ViewGeometryHW.app; sourceTree = BUILT_PRODUCTS_DIR; };
		9A60FE161BCAD8D4007B0AB9 /* main.m */ = {isa = PBXFileReference; lastKnownFileType = sourcecode.c.objc; path = main.m; sourceTree = "<group>"; };
		9A60FE181BCAD8D4007B0AB9 /* AppDelegate.h */ = {isa = PBXFileReference; lastKnownFileType = sourcecode.c.h; path = AppDelegate.h; sourceTree = "<group>"; };
		9A60FE191BCAD8D4007B0AB9 /* AppDelegate.m */ = {isa = PBXFileReference; lastKnownFileType = sourcecode.c.objc; path = AppDelegate.m; sourceTree = "<group>"; };
		9A60FE1B1BCAD8D4007B0AB9 /* ViewController.h */ = {isa = PBXFileReference; lastKnownFileType = sourcecode.c.h; path = ViewController.h; sourceTree = "<group>"; };
		9A60FE1C1BCAD8D4007B0AB9 /* ViewController.m */ = {isa = PBXFileReference; lastKnownFileType = sourcecode.c.objc; path = ViewController.m; sourceTree = "<group>"; };
		9A60FE1F1BCAD8D4007B0AB9 /* Base */ = {isa = PBXFileReference; lastKnownFileType = file.storyboard; name = Base; path = Base.lproj/Main.storyboard; sourceTree = "<group>"; };
		9A60FE211BCAD8D4007B0AB9 /* Assets.xcassets */ = {isa = PBXFileReference; lastKnownFileType = folder.assetcatalog; path = Assets.xcassets; sourceTree = "<group>"; };
		9A60FE241BCAD8D4007B0AB9 /* Base */ = {isa = PBXFileReference; lastKnownFileType = file.storyboard; name = Base; path = Base.lproj/LaunchScreen.storyboard; sourceTree = "<group>"; };
		9A60FE261BCAD8D4007B0AB9 /* Info.plist */ = {isa = PBXFileReference; lastKnownFileType = text.plist.xml; path = Info.plist; sourceTree = "<group>"; };
		9A60FE2B1BCAD8D4007B0AB9 /* ViewGeometryHWTests.xctest */ = {isa = PBXFileReference; explicitFileType = wrapper.cfbundle; includeInIndex = 0; path = ViewGeometryHWTests.xctest; sourceTree = BUILT_PRODUCTS_DIR; };
		9A60FE2F1BCAD8D4007B0AB9 /* ViewGeometryHWTests.m */ = {isa = PBXFileReference; lastKnownFileType = sourcecode.c.objc; path = ViewGeometryHWTests.m; sourceTree = "<group>"; };
		9A60FE311BCAD8D4007B0AB9 /* Info.plist */ = {isa = PBXFileReference; lastKnownFileType = text.plist.xml; path = Info.plist; sourceTree = "<group>"; };
		9A60FE361BCAD8D4007B0AB9 /* ViewGeometryHWUITests.xctest */ = {isa = PBXFileReference; explicitFileType = wrapper.cfbundle; includeInIndex = 0; path = ViewGeometryHWUITests.xctest; sourceTree = BUILT_PRODUCTS_DIR; };
		9A60FE3A1BCAD8D4007B0AB9 /* ViewGeometryHWUITests.m */ = {isa = PBXFileReference; lastKnownFileType = sourcecode.c.objc; path = ViewGeometryHWUITests.m; sourceTree = "<group>"; };
		9A60FE3C1BCAD8D4007B0AB9 /* Info.plist */ = {isa = PBXFileReference; lastKnownFileType = text.plist.xml; path = Info.plist; sourceTree = "<group>"; };
/* End PBXFileReference section */

/* Begin PBXFrameworksBuildPhase section */
		9A60FE0F1BCAD8D4007B0AB9 /* Frameworks */ = {
			isa = PBXFrameworksBuildPhase;
			buildActionMask = 2147483647;
			files = (
			);
			runOnlyForDeploymentPostprocessing = 0;
		};
		9A60FE281BCAD8D4007B0AB9 /* Frameworks */ = {
			isa = PBXFrameworksBuildPhase;
			buildActionMask = 2147483647;
			files = (
			);
			runOnlyForDeploymentPostprocessing = 0;
		};
		9A60FE331BCAD8D4007B0AB9 /* Frameworks */ = {
			isa = PBXFrameworksBuildPhase;
			buildActionMask = 2147483647;
			files = (
			);
			runOnlyForDeploymentPostprocessing = 0;
		};
/* End PBXFrameworksBuildPhase section */

/* Begin PBXGroup section */
		9A60FE091BCAD8D4007B0AB9 = {
			isa = PBXGroup;
			children = (
				9A60FE141BCAD8D4007B0AB9 /* ViewGeometryHW */,
				9A60FE2E1BCAD8D4007B0AB9 /* ViewGeometryHWTests */,
				9A60FE391BCAD8D4007B0AB9 /* ViewGeometryHWUITests */,
				9A60FE131BCAD8D4007B0AB9 /* Products */,
			);
			sourceTree = "<group>";
		};
		9A60FE131BCAD8D4007B0AB9 /* Products */ = {
			isa = PBXGroup;
			children = (
				9A60FE121BCAD8D4007B0AB9 /* ViewGeometryHW.app */,
				9A60FE2B1BCAD8D4007B0AB9 /* ViewGeometryHWTests.xctest */,
				9A60FE361BCAD8D4007B0AB9 /* ViewGeometryHWUITests.xctest */,
			);
			name = Products;
			sourceTree = "<group>";
		};
		9A60FE141BCAD8D4007B0AB9 /* ViewGeometryHW */ = {
			isa = PBXGroup;
			children = (
				9A60FE181BCAD8D4007B0AB9 /* AppDelegate.h */,
				9A60FE191BCAD8D4007B0AB9 /* AppDelegate.m */,
				9A60FE1B1BCAD8D4007B0AB9 /* ViewController.h */,
				9A60FE1C1BCAD8D4007B0AB9 /* ViewController.m */,
				9A60FE1E1BCAD8D4007B0AB9 /* Main.storyboard */,
				9A60FE211BCAD8D4007B0AB9 /* Assets.xcassets */,
				9A60FE231BCAD8D4007B0AB9 /* LaunchScreen.storyboard */,
				9A60FE261BCAD8D4007B0AB9 /* Info.plist */,
				9A60FE151BCAD8D4007B0AB9 /* Supporting Files */,
			);
			path = ViewGeometryHW;
			sourceTree = "<group>";
		};
		9A60FE151BCAD8D4007B0AB9 /* Supporting Files */ = {
			isa = PBXGroup;
			children = (
				9A60FE161BCAD8D4007B0AB9 /* main.m */,
			);
			name = "Supporting Files";
			sourceTree = "<group>";
		};
		9A60FE2E1BCAD8D4007B0AB9 /* ViewGeometryHWTests */ = {
			isa = PBXGroup;
			children = (
				9A60FE2F1BCAD8D4007B0AB9 /* ViewGeometryHWTests.m */,
				9A60FE311BCAD8D4007B0AB9 /* Info.plist */,
			);
			path = ViewGeometryHWTests;
			sourceTree = "<group>";
		};
		9A60FE391BCAD8D4007B0AB9 /* ViewGeometryHWUITests */ = {
			isa = PBXGroup;
			children = (
				9A60FE3A1BCAD8D4007B0AB9 /* ViewGeometryHWUITests.m */,
				9A60FE3C1BCAD8D4007B0AB9 /* Info.plist */,
			);
			path = ViewGeometryHWUITests;
			sourceTree = "<group>";
		};
/* End PBXGroup section */

/* Begin PBXNativeTarget section */
		9A60FE111BCAD8D4007B0AB9 /* ViewGeometryHW */ = {
			isa = PBXNativeTarget;
			buildConfigurationList = 9A60FE3F1BCAD8D4007B0AB9 /* Build configuration list for PBXNativeTarget "ViewGeometryHW" */;
			buildPhases = (
				9A60FE0E1BCAD8D4007B0AB9 /* Sources */,
				9A60FE0F1BCAD8D4007B0AB9 /* Frameworks */,
				9A60FE101BCAD8D4007B0AB9 /* Resources */,
			);
			buildRules = (
			);
			dependencies = (
			);
			name = ViewGeometryHW;
			productName = ViewGeometryHW;
			productReference = 9A60FE121BCAD8D4007B0AB9 /* ViewGeometryHW.app */;
			productType = "com.apple.product-type.application";
		};
		9A60FE2A1BCAD8D4007B0AB9 /* ViewGeometryHWTests */ = {
			isa = PBXNativeTarget;
			buildConfigurationList = 9A60FE421BCAD8D4007B0AB9 /* Build configuration list for PBXNativeTarget "ViewGeometryHWTests" */;
			buildPhases = (
				9A60FE271BCAD8D4007B0AB9 /* Sources */,
				9A60FE281BCAD8D4007B0AB9 /* Frameworks */,
				9A60FE291BCAD8D4007B0AB9 /* Resources */,
			);
			buildRules = (
			);
			dependencies = (
				9A60FE2D1BCAD8D4007B0AB9 /* PBXTargetDependency */,
			);
			name = ViewGeometryHWTests;
			productName = ViewGeometryHWTests;
			productReference = 9A60FE2B1BCAD8D4007B0AB9 /* ViewGeometryHWTests.xctest */;
			productType = "com.apple.product-type.bundle.unit-test";
		};
		9A60FE351BCAD8D4007B0AB9 /* ViewGeometryHWUITests */ = {
			isa = PBXNativeTarget;
			buildConfigurationList = 9A60FE451BCAD8D4007B0AB9 /* Build configuration list for PBXNativeTarget "ViewGeometryHWUITests" */;
			buildPhases = (
				9A60FE321BCAD8D4007B0AB9 /* Sources */,
				9A60FE331BCAD8D4007B0AB9 /* Frameworks */,
				9A60FE341BCAD8D4007B0AB9 /* Resources */,
			);
			buildRules = (
			);
			dependencies = (
				9A60FE381BCAD8D4007B0AB9 /* PBXTargetDependency */,
			);
			name = ViewGeometryHWUITests;
			productName = ViewGeometryHWUITests;
			productReference = 9A60FE361BCAD8D4007B0AB9 /* ViewGeometryHWUITests.xctest */;
			productType = "com.apple.product-type.bundle.ui-testing";
		};
/* End PBXNativeTarget section */

/* Begin PBXProject section */
		9A60FE0A1BCAD8D4007B0AB9 /* Project object */ = {
			isa = PBXProject;
			attributes = {
				LastUpgradeCheck = 0700;
				ORGANIZATIONNAME = "Nikolay Berlioz";
				TargetAttributes = {
					9A60FE111BCAD8D4007B0AB9 = {
						CreatedOnToolsVersion = 7.0.1;
					};
					9A60FE2A1BCAD8D4007B0AB9 = {
						CreatedOnToolsVersion = 7.0.1;
						TestTargetID = 9A60FE111BCAD8D4007B0AB9;
					};
					9A60FE351BCAD8D4007B0AB9 = {
						CreatedOnToolsVersion = 7.0.1;
						TestTargetID = 9A60FE111BCAD8D4007B0AB9;
					};
				};
			};
			buildConfigurationList = 9A60FE0D1BCAD8D4007B0AB9 /* Build configuration list for PBXProject "ViewGeometryHW" */;
			compatibilityVersion = "Xcode 3.2";
			developmentRegion = English;
			hasScannedForEncodings = 0;
			knownRegions = (
				en,
				Base,
			);
			mainGroup = 9A60FE091BCAD8D4007B0AB9;
			productRefGroup = 9A60FE131BCAD8D4007B0AB9 /* Products */;
			projectDirPath = "";
			projectRoot = "";
			targets = (
				9A60FE111BCAD8D4007B0AB9 /* ViewGeometryHW */,
				9A60FE2A1BCAD8D4007B0AB9 /* ViewGeometryHWTests */,
				9A60FE351BCAD8D4007B0AB9 /* ViewGeometryHWUITests */,
			);
		};
/* End PBXProject section */

/* Begin PBXResourcesBuildPhase section */
		9A60FE101BCAD8D4007B0AB9 /* Resources */ = {
			isa = PBXResourcesBuildPhase;
			buildActionMask = 2147483647;
			files = (
				9A60FE251BCAD8D4007B0AB9 /* LaunchScreen.storyboard in Resources */,
				9A60FE221BCAD8D4007B0AB9 /* Assets.xcassets in Resources */,
				9A60FE201BCAD8D4007B0AB9 /* Main.storyboard in Resources */,
			);
			runOnlyForDeploymentPostprocessing = 0;
		};
		9A60FE291BCAD8D4007B0AB9 /* Resources */ = {
			isa = PBXResourcesBuildPhase;
			buildActionMask = 2147483647;
			files = (
			);
			runOnlyForDeploymentPostprocessing = 0;
		};
		9A60FE341BCAD8D4007B0AB9 /* Resources */ = {
			isa = PBXResourcesBuildPhase;
			buildActionMask = 2147483647;
			files = (
			);
			runOnlyForDeploymentPostprocessing = 0;
		};
/* End PBXResourcesBuildPhase section */

/* Begin PBXSourcesBuildPhase section */
		9A60FE0E1BCAD8D4007B0AB9 /* Sources */ = {
			isa = PBXSourcesBuildPhase;
			buildActionMask = 2147483647;
			files = (
				9A60FE1D1BCAD8D4007B0AB9 /* ViewController.m in Sources */,
				9A60FE1A1BCAD8D4007B0AB9 /* AppDelegate.m in Sources */,
				9A60FE171BCAD8D4007B0AB9 /* main.m in Sources */,
			);
			runOnlyForDeploymentPostprocessing = 0;
		};
		9A60FE271BCAD8D4007B0AB9 /* Sources */ = {
			isa = PBXSourcesBuildPhase;
			buildActionMask = 2147483647;
			files = (
				9A60FE301BCAD8D4007B0AB9 /* ViewGeometryHWTests.m in Sources */,
			);
			runOnlyForDeploymentPostprocessing = 0;
		};
		9A60FE321BCAD8D4007B0AB9 /* Sources */ = {
			isa = PBXSourcesBuildPhase;
			buildActionMask = 2147483647;
			files = (
				9A60FE3B1BCAD8D4007B0AB9 /* ViewGeometryHWUITests.m in Sources */,
			);
			runOnlyForDeploymentPostprocessing = 0;
		};
/* End PBXSourcesBuildPhase section */

/* Begin PBXTargetDependency section */
		9A60FE2D1BCAD8D4007B0AB9 /* PBXTargetDependency */ = {
			isa = PBXTargetDependency;
			target = 9A60FE111BCAD8D4007B0AB9 /* ViewGeometryHW */;
			targetProxy = 9A60FE2C1BCAD8D4007B0AB9 /* PBXContainerItemProxy */;
		};
		9A60FE381BCAD8D4007B0AB9 /* PBXTargetDependency */ = {
			isa = PBXTargetDependency;
			target = 9A60FE111BCAD8D4007B0AB9 /* ViewGeometryHW */;
			targetProxy = 9A60FE371BCAD8D4007B0AB9 /* PBXContainerItemProxy */;
		};
/* End PBXTargetDependency section */

/* Begin PBXVariantGroup section */
		9A60FE1E1BCAD8D4007B0AB9 /* Main.storyboard */ = {
			isa = PBXVariantGroup;
			children = (
				9A60FE1F1BCAD8D4007B0AB9 /* Base */,
			);
			name = Main.storyboard;
			sourceTree = "<group>";
		};
		9A60FE231BCAD8D4007B0AB9 /* LaunchScreen.storyboard */ = {
			isa = PBXVariantGroup;
			children = (
				9A60FE241BCAD8D4007B0AB9 /* Base */,
			);
			name = LaunchScreen.storyboard;
			sourceTree = "<group>";
		};
/* End PBXVariantGroup section */

/* Begin XCBuildConfiguration section */
		9A60FE3D1BCAD8D4007B0AB9 /* Debug */ = {
			isa = XCBuildConfiguration;
			buildSettings = {
				ALWAYS_SEARCH_USER_PATHS = NO;
				CLANG_CXX_LANGUAGE_STANDARD = "gnu++0x";
				CLANG_CXX_LIBRARY = "libc++";
				CLANG_ENABLE_MODULES = YES;
				CLANG_ENABLE_OBJC_ARC = YES;
				CLANG_WARN_BOOL_CONVERSION = YES;
				CLANG_WARN_CONSTANT_CONVERSION = YES;
				CLANG_WARN_DIRECT_OBJC_ISA_USAGE = YES_ERROR;
				CLANG_WARN_EMPTY_BODY = YES;
				CLANG_WARN_ENUM_CONVERSION = YES;
				CLANG_WARN_INT_CONVERSION = YES;
				CLANG_WARN_OBJC_ROOT_CLASS = YES_ERROR;
				CLANG_WARN_UNREACHABLE_CODE = YES;
				CLANG_WARN__DUPLICATE_METHOD_MATCH = YES;
				"CODE_SIGN_IDENTITY[sdk=iphoneos*]" = "iPhone Developer";
				COPY_PHASE_STRIP = NO;
				DEBUG_INFORMATION_FORMAT = dwarf;
				ENABLE_STRICT_OBJC_MSGSEND = YES;
				ENABLE_TESTABILITY = YES;
				GCC_C_LANGUAGE_STANDARD = gnu99;
				GCC_DYNAMIC_NO_PIC = NO;
				GCC_NO_COMMON_BLOCKS = YES;
				GCC_OPTIMIZATION_LEVEL = 0;
				GCC_PREPROCESSOR_DEFINITIONS = (
					"DEBUG=1",
					"$(inherited)",
				);
				GCC_WARN_64_TO_32_BIT_CONVERSION = YES;
				GCC_WARN_ABOUT_RETURN_TYPE = YES_ERROR;
				GCC_WARN_UNDECLARED_SELECTOR = YES;
				GCC_WARN_UNINITIALIZED_AUTOS = YES_AGGRESSIVE;
				GCC_WARN_UNUSED_FUNCTION = YES;
				GCC_WARN_UNUSED_VARIABLE = YES;
				IPHONEOS_DEPLOYMENT_TARGET = 9.0;
				MTL_ENABLE_DEBUG_INFO = YES;
				ONLY_ACTIVE_ARCH = YES;
				SDKROOT = iphoneos;
				TARGETED_DEVICE_FAMILY = "1,2";
			};
			name = Debug;
		};
		9A60FE3E1BCAD8D4007B0AB9 /* Release */ = {
			isa = XCBuildConfiguration;
			buildSettings = {
				ALWAYS_SEARCH_USER_PATHS = NO;
				CLANG_CXX_LANGUAGE_STANDARD = "gnu++0x";
				CLANG_CXX_LIBRARY = "libc++";
				CLANG_ENABLE_MODULES = YES;
				CLANG_ENABLE_OBJC_ARC = YES;
				CLANG_WARN_BOOL_CONVERSION = YES;
				CLANG_WARN_CONSTANT_CONVERSION = YES;
				CLANG_WARN_DIRECT_OBJC_ISA_USAGE = YES_ERROR;
				CLANG_WARN_EMPTY_BODY = YES;
				CLANG_WARN_ENUM_CONVERSION = YES;
				CLANG_WARN_INT_CONVERSION = YES;
				CLANG_WARN_OBJC_ROOT_CLASS = YES_ERROR;
				CLANG_WARN_UNREACHABLE_CODE = YES;
				CLANG_WARN__DUPLICATE_METHOD_MATCH = YES;
				"CODE_SIGN_IDENTITY[sdk=iphoneos*]" = "iPhone Developer";
				COPY_PHASE_STRIP = NO;
				DEBUG_INFORMATION_FORMAT = "dwarf-with-dsym";
				ENABLE_NS_ASSERTIONS = NO;
				ENABLE_STRICT_OBJC_MSGSEND = YES;
				GCC_C_LANGUAGE_STANDARD = gnu99;
				GCC_NO_COMMON_BLOCKS = YES;
				GCC_WARN_64_TO_32_BIT_CONVERSION = YES;
				GCC_WARN_ABOUT_RETURN_TYPE = YES_ERROR;
				GCC_WARN_UNDECLARED_SELECTOR = YES;
				GCC_WARN_UNINITIALIZED_AUTOS = YES_AGGRESSIVE;
				GCC_WARN_UNUSED_FUNCTION = YES;
				GCC_WARN_UNUSED_VARIABLE = YES;
				IPHONEOS_DEPLOYMENT_TARGET = 9.0;
				MTL_ENABLE_DEBUG_INFO = NO;
				SDKROOT = iphoneos;
				TARGETED_DEVICE_FAMILY = "1,2";
				VALIDATE_PRODUCT = YES;
			};
			name = Release;
		};
		9A60FE401BCAD8D4007B0AB9 /* Debug */ = {
			isa = XCBuildConfiguration;
			buildSettings = {
				ASSETCATALOG_COMPILER_APPICON_NAME = AppIcon;
				INFOPLIST_FILE = ViewGeometryHW/Info.plist;
				LD_RUNPATH_SEARCH_PATHS = "$(inherited) @executable_path/Frameworks";
				PRODUCT_BUNDLE_IDENTIFIER = "Devil-Academy.ViewGeometryHW";
				PRODUCT_NAME = "$(TARGET_NAME)";
				TARGETED_DEVICE_FAMILY = "1,2";
			};
			name = Debug;
		};
		9A60FE411BCAD8D4007B0AB9 /* Release */ = {
			isa = XCBuildConfiguration;
			buildSettings = {
				ASSETCATALOG_COMPILER_APPICON_NAME = AppIcon;
				INFOPLIST_FILE = ViewGeometryHW/Info.plist;
				LD_RUNPATH_SEARCH_PATHS = "$(inherited) @executable_path/Frameworks";
				PRODUCT_BUNDLE_IDENTIFIER = "Devil-Academy.ViewGeometryHW";
				PRODUCT_NAME = "$(TARGET_NAME)";
				TARGETED_DEVICE_FAMILY = "1,2";
			};
			name = Release;
		};
		9A60FE431BCAD8D4007B0AB9 /* Debug */ = {
			isa = XCBuildConfiguration;
			buildSettings = {
				BUNDLE_LOADER = "$(TEST_HOST)";
				INFOPLIST_FILE = ViewGeometryHWTests/Info.plist;
				LD_RUNPATH_SEARCH_PATHS = "$(inherited) @executable_path/Frameworks @loader_path/Frameworks";
				PRODUCT_BUNDLE_IDENTIFIER = "Devil-Academy.ViewGeometryHWTests";
				PRODUCT_NAME = "$(TARGET_NAME)";
				TEST_HOST = "$(BUILT_PRODUCTS_DIR)/ViewGeometryHW.app/ViewGeometryHW";
			};
			name = Debug;
		};
		9A60FE441BCAD8D4007B0AB9 /* Release */ = {
			isa = XCBuildConfiguration;
			buildSettings = {
				BUNDLE_LOADER = "$(TEST_HOST)";
				INFOPLIST_FILE = ViewGeometryHWTests/Info.plist;
				LD_RUNPATH_SEARCH_PATHS = "$(inherited) @executable_path/Frameworks @loader_path/Frameworks";
				PRODUCT_BUNDLE_IDENTIFIER = "Devil-Academy.ViewGeometryHWTests";
				PRODUCT_NAME = "$(TARGET_NAME)";
				TEST_HOST = "$(BUILT_PRODUCTS_DIR)/ViewGeometryHW.app/ViewGeometryHW";
			};
			name = Release;
		};
		9A60FE461BCAD8D4007B0AB9 /* Debug */ = {
			isa = XCBuildConfiguration;
			buildSettings = {
				INFOPLIST_FILE = ViewGeometryHWUITests/Info.plist;
				LD_RUNPATH_SEARCH_PATHS = "$(inherited) @executable_path/Frameworks @loader_path/Frameworks";
				PRODUCT_BUNDLE_IDENTIFIER = "Devil-Academy.ViewGeometryHWUITests";
				PRODUCT_NAME = "$(TARGET_NAME)";
				TEST_TARGET_NAME = ViewGeometryHW;
				USES_XCTRUNNER = YES;
			};
			name = Debug;
		};
		9A60FE471BCAD8D4007B0AB9 /* Release */ = {
			isa = XCBuildConfiguration;
			buildSettings = {
				INFOPLIST_FILE = ViewGeometryHWUITests/Info.plist;
				LD_RUNPATH_SEARCH_PATHS = "$(inherited) @executable_path/Frameworks @loader_path/Frameworks";
				PRODUCT_BUNDLE_IDENTIFIER = "Devil-Academy.ViewGeometryHWUITests";
				PRODUCT_NAME = "$(TARGET_NAME)";
				TEST_TARGET_NAME = ViewGeometryHW;
				USES_XCTRUNNER = YES;
			};
			name = Release;
		};
/* End XCBuildConfiguration section */

/* Begin XCConfigurationList section */
		9A60FE0D1BCAD8D4007B0AB9 /* Build configuration list for PBXProject "ViewGeometryHW" */ = {
			isa = XCConfigurationList;
			buildConfigurations = (
				9A60FE3D1BCAD8D4007B0AB9 /* Debug */,
				9A60FE3E1BCAD8D4007B0AB9 /* Release */,
			);
			defaultConfigurationIsVisible = 0;
			defaultConfigurationName = Release;
		};
		9A60FE3F1BCAD8D4007B0AB9 /* Build configuration list for PBXNativeTarget "ViewGeometryHW" */ = {
			isa = XCConfigurationList;
			buildConfigurations = (
				9A60FE401BCAD8D4007B0AB9 /* Debug */,
				9A60FE411BCAD8D4007B0AB9 /* Release */,
			);
			defaultConfigurationIsVisible = 0;
			defaultConfigurationName = Release;
		};
		9A60FE421BCAD8D4007B0AB9 /* Build configuration list for PBXNativeTarget "ViewGeometryHWTests" */ = {
			isa = XCConfigurationList;
			buildConfigurations = (
				9A60FE431BCAD8D4007B0AB9 /* Debug */,
				9A60FE441BCAD8D4007B0AB9 /* Release */,
			);
			defaultConfigurationIsVisible = 0;
			defaultConfigurationName = Release;
		};
		9A60FE451BCAD8D4007B0AB9 /* Build configuration list for PBXNativeTarget "ViewGeometryHWUITests" */ = {
			isa = XCConfigurationList;
			buildConfigurations = (
				9A60FE461BCAD8D4007B0AB9 /* Debug */,
				9A60FE471BCAD8D4007B0AB9 /* Release */,
			);
			defaultConfigurationIsVisible = 0;
			defaultConfigurationName = Release;
		};
/* End XCConfigurationList section */
	};
	rootObject = 9A60FE0A1BCAD8D4007B0AB9 /* Project object */;
}
